
Microsoft Visual Studio Solution File, Format Version 12.00
# Visual Studio Version 16
VisualStudioVersion = 16.0.29403.142
MinimumVisualStudioVersion = 10.0.40219.1
Project("{FAE04EC0-301F-11D3-BF4B-00C04F79EFBC}") = "MemeSite", "MemeSite\MemeSite.csproj", "{0EB25468-4B2D-4AC0-9280-EFB93E4DF109}"
EndProject
Global
	GlobalSection(SolutionConfigurationPlatforms) = preSolution
		Debug|Any CPU = Debug|Any CPU
		Release|Any CPU = Release|Any CPU
	EndGlobalSection
	GlobalSection(ProjectConfigurationPlatforms) = postSolution
		{0EB25468-4B2D-4AC0-9280-EFB93E4DF109}.Debug|Any CPU.ActiveCfg = Debug|Any CPU
		{0EB25468-4B2D-4AC0-9280-EFB93E4DF109}.Debug|Any CPU.Build.0 = Debug|Any CPU
		{0EB25468-4B2D-4AC0-9280-EFB93E4DF109}.Release|Any CPU.ActiveCfg = Release|Any CPU
		{0EB25468-4B2D-4AC0-9280-EFB93E4DF109}.Release|Any CPU.Build.0 = Release|Any CPU
	EndGlobalSection
	GlobalSection(SolutionProperties) = preSolution
		HideSolutionNode = FALSE
	EndGlobalSection
	GlobalSection(ExtensibilityGlobals) = postSolution
		SolutionGuid = {374D7463-A064-454B-945D-F1C8F748118F}
	EndGlobalSection
EndGlobal
